
Microsoft Visual Studio Solution File, Format Version 12.00
# Visual Studio Version 17
VisualStudioVersion = 17.12.35527.113
MinimumVisualStudioVersion = 10.0.40219.1
Project("{FAE04EC0-301F-11D3-BF4B-00C04F79EFBC}") = "Basic", "Basic\Basic.csproj", "{DF670021-B239-4BCE-8693-D4348C38B602}"
EndProject
Project("{FAE04EC0-301F-11D3-BF4B-00C04F79EFBC}") = "Core", "Core\Core.csproj", "{08F0C9D5-C998-4902-B572-B56582A6A7A8}"
EndProject
Project("{FAE04EC0-301F-11D3-BF4B-00C04F79EFBC}") = "Editor", "Editor\Editor.csproj", "{76767D3F-9849-4211-87ED-D62ABED4EDAB}"
EndProject
Global
	GlobalSection(SolutionConfigurationPlatforms) = preSolution
		Debug|Any CPU = Debug|Any CPU
		Release|Any CPU = Release|Any CPU
	EndGlobalSection
	GlobalSection(ProjectConfigurationPlatforms) = postSolution
		{DF670021-B239-4BCE-8693-D4348C38B602}.Debug|Any CPU.ActiveCfg = Debug|Any CPU
		{DF670021-B239-4BCE-8693-D4348C38B602}.Debug|Any CPU.Build.0 = Debug|Any CPU
		{DF670021-B239-4BCE-8693-D4348C38B602}.Release|Any CPU.ActiveCfg = Release|Any CPU
		{DF670021-B239-4BCE-8693-D4348C38B602}.Release|Any CPU.Build.0 = Release|Any CPU
		{08F0C9D5-C998-4902-B572-B56582A6A7A8}.Debug|Any CPU.ActiveCfg = Debug|Any CPU
		{08F0C9D5-C998-4902-B572-B56582A6A7A8}.Debug|Any CPU.Build.0 = Debug|Any CPU
		{08F0C9D5-C998-4902-B572-B56582A6A7A8}.Release|Any CPU.ActiveCfg = Release|Any CPU
		{08F0C9D5-C998-4902-B572-B56582A6A7A8}.Release|Any CPU.Build.0 = Release|Any CPU
		{76767D3F-9849-4211-87ED-D62ABED4EDAB}.Debug|Any CPU.ActiveCfg = Debug|Any CPU
		{76767D3F-9849-4211-87ED-D62ABED4EDAB}.Debug|Any CPU.Build.0 = Debug|Any CPU
		{76767D3F-9849-4211-87ED-D62ABED4EDAB}.Release|Any CPU.ActiveCfg = Release|Any CPU
		{76767D3F-9849-4211-87ED-D62ABED4EDAB}.Release|Any CPU.Build.0 = Release|Any CPU
	EndGlobalSection
	GlobalSection(SolutionProperties) = preSolution
		HideSolutionNode = FALSE
	EndGlobalSection
	GlobalSection(ExtensibilityGlobals) = postSolution
		SolutionGuid = {E5F74B1A-C9CF-4717-A154-BF4D69641A2E}
	EndGlobalSection
EndGlobal
